// !$*UTF8*$!
{
	archiveVersion = 1;
	classes = {
	};
	objectVersion = 56;
	objects = {

/* Begin PBXBuildFile section */
		983AD75C2A462EC2008EA93A /* TodoItemViewController.ViewBuilder.swift in Sources */ = {isa = PBXBuildFile; fileRef = 983AD75B2A462EC2008EA93A /* TodoItemViewController.ViewBuilder.swift */; };
		985871482A3D499D00066B2E /* TodoItem.CsvParser.swift in Sources */ = {isa = PBXBuildFile; fileRef = 985871472A3D499D00066B2E /* TodoItem.CsvParser.swift */; };
		9858714A2A3D4CB200066B2E /* TodoItem_CsvTests.swift in Sources */ = {isa = PBXBuildFile; fileRef = 985871492A3D4CB200066B2E /* TodoItem_CsvTests.swift */; };
		9858714F2A43311F00066B2E /* FileCache.Errors.swift in Sources */ = {isa = PBXBuildFile; fileRef = 9858714E2A43311F00066B2E /* FileCache.Errors.swift */; };
		985871582A443A5700066B2E /* TodoItemViewController.swift in Sources */ = {isa = PBXBuildFile; fileRef = 985871572A443A5700066B2E /* TodoItemViewController.swift */; };
		9858715B2A444D9800066B2E /* Constants.swift in Sources */ = {isa = PBXBuildFile; fileRef = 9858715A2A444D9800066B2E /* Constants.swift */; };
		9858715D2A44557700066B2E /* NSLayoutConstraint.swift in Sources */ = {isa = PBXBuildFile; fileRef = 9858715C2A44557700066B2E /* NSLayoutConstraint.swift */; };
		987D4E692A4ABE2F00E9507D /* TodoItem.ScrollView.swift in Sources */ = {isa = PBXBuildFile; fileRef = 987D4E682A4ABE2F00E9507D /* TodoItem.ScrollView.swift */; };
		987D4E6B2A4B01F400E9507D /* TodoItem.ViewController.swift in Sources */ = {isa = PBXBuildFile; fileRef = 987D4E6A2A4B01F400E9507D /* TodoItem.ViewController.swift */; };
		987D4E6D2A4B471300E9507D /* TodoItem.DetailsStackView.swift in Sources */ = {isa = PBXBuildFile; fileRef = 987D4E6C2A4B471300E9507D /* TodoItem.DetailsStackView.swift */; };
		987D4E6F2A4B534500E9507D /* TodoItem.DescriptionView.swift in Sources */ = {isa = PBXBuildFile; fileRef = 987D4E6E2A4B534500E9507D /* TodoItem.DescriptionView.swift */; };
		98BE0E7F2A3CD61B00EE3B7C /* JsonParser.swift in Sources */ = {isa = PBXBuildFile; fileRef = 98BE0E7E2A3CD61B00EE3B7C /* JsonParser.swift */; };
		98BE0E812A3CD65300EE3B7C /* TodoItem.JsonParser.swift in Sources */ = {isa = PBXBuildFile; fileRef = 98BE0E802A3CD65300EE3B7C /* TodoItem.JsonParser.swift */; };
		98BE0E832A3CE3DC00EE3B7C /* TodoItem_JsonTests.swift in Sources */ = {isa = PBXBuildFile; fileRef = 98BE0E822A3CE3DC00EE3B7C /* TodoItem_JsonTests.swift */; };
		98CE2A1C2A3C7FB800554B7A /* CsvParser.swift in Sources */ = {isa = PBXBuildFile; fileRef = 98CE2A1B2A3C7FB800554B7A /* CsvParser.swift */; };
		98CE2A1F2A3C83F900554B7A /* DateExt.swift in Sources */ = {isa = PBXBuildFile; fileRef = 98CE2A1E2A3C83F900554B7A /* DateExt.swift */; };
		98CE2A212A3C9A8900554B7A /* StringExt.swift in Sources */ = {isa = PBXBuildFile; fileRef = 98CE2A202A3C9A8900554B7A /* StringExt.swift */; };
		98F2831C2A350E650008A526 /* AppDelegate.swift in Sources */ = {isa = PBXBuildFile; fileRef = 98F2831B2A350E650008A526 /* AppDelegate.swift */; };
		98F2831E2A350E650008A526 /* SceneDelegate.swift in Sources */ = {isa = PBXBuildFile; fileRef = 98F2831D2A350E650008A526 /* SceneDelegate.swift */; };
		98F283202A350E650008A526 /* ViewController.swift in Sources */ = {isa = PBXBuildFile; fileRef = 98F2831F2A350E650008A526 /* ViewController.swift */; };
		98F283252A350E6C0008A526 /* Assets.xcassets in Resources */ = {isa = PBXBuildFile; fileRef = 98F283242A350E6C0008A526 /* Assets.xcassets */; };
		98F283282A350E6C0008A526 /* LaunchScreen.storyboard in Resources */ = {isa = PBXBuildFile; fileRef = 98F283262A350E6C0008A526 /* LaunchScreen.storyboard */; };
		98F2833D2A350E6C0008A526 /* TaskMasterioUITests.swift in Sources */ = {isa = PBXBuildFile; fileRef = 98F2833C2A350E6C0008A526 /* TaskMasterioUITests.swift */; };
		98F2833F2A350E6C0008A526 /* TaskMasterioUITestsLaunchTests.swift in Sources */ = {isa = PBXBuildFile; fileRef = 98F2833E2A350E6C0008A526 /* TaskMasterioUITestsLaunchTests.swift */; };
		98F2834D2A359C7C0008A526 /* TodoItem.swift in Sources */ = {isa = PBXBuildFile; fileRef = 98F2834C2A359C7C0008A526 /* TodoItem.swift */; };
		98F2834F2A35AA610008A526 /* TodoItemTests.swift in Sources */ = {isa = PBXBuildFile; fileRef = 98F2834E2A35AA610008A526 /* TodoItemTests.swift */; };
		98F283522A3B77BF0008A526 /* FileCache.swift in Sources */ = {isa = PBXBuildFile; fileRef = 98F283512A3B77BF0008A526 /* FileCache.swift */; };
		98F283562A3B7E060008A526 /* DataCashe.swift in Sources */ = {isa = PBXBuildFile; fileRef = 98F283552A3B7E060008A526 /* DataCashe.swift */; };
		98F283582A3B82B90008A526 /* FileCacheTests.swift in Sources */ = {isa = PBXBuildFile; fileRef = 98F283572A3B82B90008A526 /* FileCacheTests.swift */; };
		98F2835A2A3B862E0008A526 /* TestsData.swift in Sources */ = {isa = PBXBuildFile; fileRef = 98F283592A3B862E0008A526 /* TestsData.swift */; };
		98F94A102A4C10BF00B72704 /* TodoItem.PriorityStackView.swift in Sources */ = {isa = PBXBuildFile; fileRef = 98F94A0F2A4C10BF00B72704 /* TodoItem.PriorityStackView.swift */; };
		98F94A122A4C38F400B72704 /* TodoItem.DeadlineStackView.swift in Sources */ = {isa = PBXBuildFile; fileRef = 98F94A112A4C38F400B72704 /* TodoItem.DeadlineStackView.swift */; };
		98F94A192A4C85D000B72704 /* TodoItem.ViewModel.swift in Sources */ = {isa = PBXBuildFile; fileRef = 98F94A182A4C85D000B72704 /* TodoItem.ViewModel.swift */; };
		98F94A1C2A4D228800B72704 /* TodoItem.DeadlineDatePickerView.swift in Sources */ = {isa = PBXBuildFile; fileRef = 98F94A1B2A4D228800B72704 /* TodoItem.DeadlineDatePickerView.swift */; };
		98F94A1E2A4D820C00B72704 /* TodoItem.RemoveButton.swift in Sources */ = {isa = PBXBuildFile; fileRef = 98F94A1D2A4D820C00B72704 /* TodoItem.RemoveButton.swift */; };
		98F94A262A4DBC5700B72704 /* TodoList.ViewController.swift in Sources */ = {isa = PBXBuildFile; fileRef = 98F94A252A4DBC5700B72704 /* TodoList.ViewController.swift */; };
		98F94A282A4DBE3200B72704 /* TodoList.ViewModel.swift in Sources */ = {isa = PBXBuildFile; fileRef = 98F94A272A4DBE3200B72704 /* TodoList.ViewModel.swift */; };
		98F94A2A2A4DE25000B72704 /* TodoList.TableViewCell.swift in Sources */ = {isa = PBXBuildFile; fileRef = 98F94A292A4DE24F00B72704 /* TodoList.TableViewCell.swift */; };
		98F94A2C2A4DF12100B72704 /* TodoList.TableView.swift in Sources */ = {isa = PBXBuildFile; fileRef = 98F94A2B2A4DF12100B72704 /* TodoList.TableView.swift */; };
		98F94A2E2A4EAC4500B72704 /* TodoList.TableViewHeader.swift in Sources */ = {isa = PBXBuildFile; fileRef = 98F94A2D2A4EAC4400B72704 /* TodoList.TableViewHeader.swift */; };
		98F94A302A4EC85500B72704 /* TodoList.TableDataSource.swift in Sources */ = {isa = PBXBuildFile; fileRef = 98F94A2F2A4EC85500B72704 /* TodoList.TableDataSource.swift */; };
		98F94A332A4F39EA00B72704 /* UIView.Ext.swift in Sources */ = {isa = PBXBuildFile; fileRef = 98F94A322A4F39EA00B72704 /* UIView.Ext.swift */; };
		98F94A352A4FBF3300B72704 /* TodoList.TableViewCell.Last.swift in Sources */ = {isa = PBXBuildFile; fileRef = 98F94A342A4FBF3200B72704 /* TodoList.TableViewCell.Last.swift */; };
/* End PBXBuildFile section */

/* Begin PBXContainerItemProxy section */
		98F2832F2A350E6C0008A526 /* PBXContainerItemProxy */ = {
			isa = PBXContainerItemProxy;
			containerPortal = 98F283102A350E640008A526 /* Project object */;
			proxyType = 1;
			remoteGlobalIDString = 98F283172A350E640008A526;
			remoteInfo = TaskMasterio;
		};
		98F283392A350E6C0008A526 /* PBXContainerItemProxy */ = {
			isa = PBXContainerItemProxy;
			containerPortal = 98F283102A350E640008A526 /* Project object */;
			proxyType = 1;
			remoteGlobalIDString = 98F283172A350E640008A526;
			remoteInfo = TaskMasterio;
		};
/* End PBXContainerItemProxy section */

/* Begin PBXFileReference section */
		983AD75B2A462EC2008EA93A /* TodoItemViewController.ViewBuilder.swift */ = {isa = PBXFileReference; lastKnownFileType = sourcecode.swift; path = TodoItemViewController.ViewBuilder.swift; sourceTree = "<group>"; };
		985871472A3D499D00066B2E /* TodoItem.CsvParser.swift */ = {isa = PBXFileReference; lastKnownFileType = sourcecode.swift; path = TodoItem.CsvParser.swift; sourceTree = "<group>"; };
		985871492A3D4CB200066B2E /* TodoItem_CsvTests.swift */ = {isa = PBXFileReference; lastKnownFileType = sourcecode.swift; path = TodoItem_CsvTests.swift; sourceTree = "<group>"; };
		9858714E2A43311F00066B2E /* FileCache.Errors.swift */ = {isa = PBXFileReference; lastKnownFileType = sourcecode.swift; path = FileCache.Errors.swift; sourceTree = "<group>"; };
		985871572A443A5700066B2E /* TodoItemViewController.swift */ = {isa = PBXFileReference; lastKnownFileType = sourcecode.swift; path = TodoItemViewController.swift; sourceTree = "<group>"; };
		9858715A2A444D9800066B2E /* Constants.swift */ = {isa = PBXFileReference; lastKnownFileType = sourcecode.swift; path = Constants.swift; sourceTree = "<group>"; };
		9858715C2A44557700066B2E /* NSLayoutConstraint.swift */ = {isa = PBXFileReference; lastKnownFileType = sourcecode.swift; path = NSLayoutConstraint.swift; sourceTree = "<group>"; };
		987D4E682A4ABE2F00E9507D /* TodoItem.ScrollView.swift */ = {isa = PBXFileReference; lastKnownFileType = sourcecode.swift; path = TodoItem.ScrollView.swift; sourceTree = "<group>"; };
		987D4E6A2A4B01F400E9507D /* TodoItem.ViewController.swift */ = {isa = PBXFileReference; lastKnownFileType = sourcecode.swift; path = TodoItem.ViewController.swift; sourceTree = "<group>"; };
		987D4E6C2A4B471300E9507D /* TodoItem.DetailsStackView.swift */ = {isa = PBXFileReference; lastKnownFileType = sourcecode.swift; path = TodoItem.DetailsStackView.swift; sourceTree = "<group>"; };
		987D4E6E2A4B534500E9507D /* TodoItem.DescriptionView.swift */ = {isa = PBXFileReference; lastKnownFileType = sourcecode.swift; path = TodoItem.DescriptionView.swift; sourceTree = "<group>"; };
		98BE0E7E2A3CD61B00EE3B7C /* JsonParser.swift */ = {isa = PBXFileReference; lastKnownFileType = sourcecode.swift; path = JsonParser.swift; sourceTree = "<group>"; };
		98BE0E802A3CD65300EE3B7C /* TodoItem.JsonParser.swift */ = {isa = PBXFileReference; lastKnownFileType = sourcecode.swift; path = TodoItem.JsonParser.swift; sourceTree = "<group>"; };
		98BE0E822A3CE3DC00EE3B7C /* TodoItem_JsonTests.swift */ = {isa = PBXFileReference; lastKnownFileType = sourcecode.swift; path = TodoItem_JsonTests.swift; sourceTree = "<group>"; };
		98CE2A1B2A3C7FB800554B7A /* CsvParser.swift */ = {isa = PBXFileReference; lastKnownFileType = sourcecode.swift; path = CsvParser.swift; sourceTree = "<group>"; };
		98CE2A1E2A3C83F900554B7A /* DateExt.swift */ = {isa = PBXFileReference; lastKnownFileType = sourcecode.swift; path = DateExt.swift; sourceTree = "<group>"; };
		98CE2A202A3C9A8900554B7A /* StringExt.swift */ = {isa = PBXFileReference; lastKnownFileType = sourcecode.swift; path = StringExt.swift; sourceTree = "<group>"; };
		98F283182A350E650008A526 /* TaskMasterio.app */ = {isa = PBXFileReference; explicitFileType = wrapper.application; includeInIndex = 0; path = TaskMasterio.app; sourceTree = BUILT_PRODUCTS_DIR; };
		98F2831B2A350E650008A526 /* AppDelegate.swift */ = {isa = PBXFileReference; lastKnownFileType = sourcecode.swift; path = AppDelegate.swift; sourceTree = "<group>"; };
		98F2831D2A350E650008A526 /* SceneDelegate.swift */ = {isa = PBXFileReference; lastKnownFileType = sourcecode.swift; path = SceneDelegate.swift; sourceTree = "<group>"; };
		98F2831F2A350E650008A526 /* ViewController.swift */ = {isa = PBXFileReference; lastKnownFileType = sourcecode.swift; path = ViewController.swift; sourceTree = "<group>"; };
		98F283242A350E6C0008A526 /* Assets.xcassets */ = {isa = PBXFileReference; lastKnownFileType = folder.assetcatalog; path = Assets.xcassets; sourceTree = "<group>"; };
		98F283272A350E6C0008A526 /* Base */ = {isa = PBXFileReference; lastKnownFileType = file.storyboard; name = Base; path = Base.lproj/LaunchScreen.storyboard; sourceTree = "<group>"; };
		98F283292A350E6C0008A526 /* Info.plist */ = {isa = PBXFileReference; lastKnownFileType = text.plist.xml; path = Info.plist; sourceTree = "<group>"; };
		98F2832E2A350E6C0008A526 /* TaskMasterioTests.xctest */ = {isa = PBXFileReference; explicitFileType = wrapper.cfbundle; includeInIndex = 0; path = TaskMasterioTests.xctest; sourceTree = BUILT_PRODUCTS_DIR; };
		98F283382A350E6C0008A526 /* TaskMasterioUITests.xctest */ = {isa = PBXFileReference; explicitFileType = wrapper.cfbundle; includeInIndex = 0; path = TaskMasterioUITests.xctest; sourceTree = BUILT_PRODUCTS_DIR; };
		98F2833C2A350E6C0008A526 /* TaskMasterioUITests.swift */ = {isa = PBXFileReference; lastKnownFileType = sourcecode.swift; path = TaskMasterioUITests.swift; sourceTree = "<group>"; };
		98F2833E2A350E6C0008A526 /* TaskMasterioUITestsLaunchTests.swift */ = {isa = PBXFileReference; lastKnownFileType = sourcecode.swift; path = TaskMasterioUITestsLaunchTests.swift; sourceTree = "<group>"; };
		98F2834C2A359C7C0008A526 /* TodoItem.swift */ = {isa = PBXFileReference; lastKnownFileType = sourcecode.swift; path = TodoItem.swift; sourceTree = "<group>"; };
		98F2834E2A35AA610008A526 /* TodoItemTests.swift */ = {isa = PBXFileReference; lastKnownFileType = sourcecode.swift; path = TodoItemTests.swift; sourceTree = "<group>"; };
		98F283512A3B77BF0008A526 /* FileCache.swift */ = {isa = PBXFileReference; lastKnownFileType = sourcecode.swift; path = FileCache.swift; sourceTree = "<group>"; };
		98F283552A3B7E060008A526 /* DataCashe.swift */ = {isa = PBXFileReference; lastKnownFileType = sourcecode.swift; path = DataCashe.swift; sourceTree = "<group>"; };
		98F283572A3B82B90008A526 /* FileCacheTests.swift */ = {isa = PBXFileReference; lastKnownFileType = sourcecode.swift; path = FileCacheTests.swift; sourceTree = "<group>"; };
		98F283592A3B862E0008A526 /* TestsData.swift */ = {isa = PBXFileReference; lastKnownFileType = sourcecode.swift; path = TestsData.swift; sourceTree = "<group>"; };
		98F94A0F2A4C10BF00B72704 /* TodoItem.PriorityStackView.swift */ = {isa = PBXFileReference; lastKnownFileType = sourcecode.swift; path = TodoItem.PriorityStackView.swift; sourceTree = "<group>"; };
		98F94A112A4C38F400B72704 /* TodoItem.DeadlineStackView.swift */ = {isa = PBXFileReference; lastKnownFileType = sourcecode.swift; path = TodoItem.DeadlineStackView.swift; sourceTree = "<group>"; };
		98F94A182A4C85D000B72704 /* TodoItem.ViewModel.swift */ = {isa = PBXFileReference; lastKnownFileType = sourcecode.swift; path = TodoItem.ViewModel.swift; sourceTree = "<group>"; };
		98F94A1B2A4D228800B72704 /* TodoItem.DeadlineDatePickerView.swift */ = {isa = PBXFileReference; lastKnownFileType = sourcecode.swift; path = TodoItem.DeadlineDatePickerView.swift; sourceTree = "<group>"; };
		98F94A1D2A4D820C00B72704 /* TodoItem.RemoveButton.swift */ = {isa = PBXFileReference; lastKnownFileType = sourcecode.swift; path = TodoItem.RemoveButton.swift; sourceTree = "<group>"; };
		98F94A252A4DBC5700B72704 /* TodoList.ViewController.swift */ = {isa = PBXFileReference; lastKnownFileType = sourcecode.swift; path = TodoList.ViewController.swift; sourceTree = "<group>"; };
		98F94A272A4DBE3200B72704 /* TodoList.ViewModel.swift */ = {isa = PBXFileReference; lastKnownFileType = sourcecode.swift; path = TodoList.ViewModel.swift; sourceTree = "<group>"; };
		98F94A292A4DE24F00B72704 /* TodoList.TableViewCell.swift */ = {isa = PBXFileReference; lastKnownFileType = sourcecode.swift; path = TodoList.TableViewCell.swift; sourceTree = "<group>"; };
		98F94A2B2A4DF12100B72704 /* TodoList.TableView.swift */ = {isa = PBXFileReference; lastKnownFileType = sourcecode.swift; path = TodoList.TableView.swift; sourceTree = "<group>"; };
		98F94A2D2A4EAC4400B72704 /* TodoList.TableViewHeader.swift */ = {isa = PBXFileReference; lastKnownFileType = sourcecode.swift; path = TodoList.TableViewHeader.swift; sourceTree = "<group>"; };
		98F94A2F2A4EC85500B72704 /* TodoList.TableDataSource.swift */ = {isa = PBXFileReference; lastKnownFileType = sourcecode.swift; path = TodoList.TableDataSource.swift; sourceTree = "<group>"; };
		98F94A322A4F39EA00B72704 /* UIView.Ext.swift */ = {isa = PBXFileReference; lastKnownFileType = sourcecode.swift; path = UIView.Ext.swift; sourceTree = "<group>"; };
		98F94A342A4FBF3200B72704 /* TodoList.TableViewCell.Last.swift */ = {isa = PBXFileReference; lastKnownFileType = sourcecode.swift; path = TodoList.TableViewCell.Last.swift; sourceTree = "<group>"; };
/* End PBXFileReference section */

/* Begin PBXFrameworksBuildPhase section */
		98F283152A350E640008A526 /* Frameworks */ = {
			isa = PBXFrameworksBuildPhase;
			buildActionMask = 2147483647;
			files = (
			);
			runOnlyForDeploymentPostprocessing = 0;
		};
		98F2832B2A350E6C0008A526 /* Frameworks */ = {
			isa = PBXFrameworksBuildPhase;
			buildActionMask = 2147483647;
			files = (
			);
			runOnlyForDeploymentPostprocessing = 0;
		};
		98F283352A350E6C0008A526 /* Frameworks */ = {
			isa = PBXFrameworksBuildPhase;
			buildActionMask = 2147483647;
			files = (
			);
			runOnlyForDeploymentPostprocessing = 0;
		};
/* End PBXFrameworksBuildPhase section */

/* Begin PBXGroup section */
		9858714D2A4330DA00066B2E /* Cache */ = {
			isa = PBXGroup;
			children = (
				98F283552A3B7E060008A526 /* DataCashe.swift */,
				98F283512A3B77BF0008A526 /* FileCache.swift */,
				9858714E2A43311F00066B2E /* FileCache.Errors.swift */,
			);
			path = Cache;
			sourceTree = "<group>";
		};
		985871502A439C1100066B2E /* Application */ = {
			isa = PBXGroup;
			children = (
				98F2831B2A350E650008A526 /* AppDelegate.swift */,
				98F2831D2A350E650008A526 /* SceneDelegate.swift */,
			);
			path = Application;
			sourceTree = "<group>";
		};
		985871512A439C3600066B2E /* SupportingFiles */ = {
			isa = PBXGroup;
			children = (
				98F283242A350E6C0008A526 /* Assets.xcassets */,
				98F283262A350E6C0008A526 /* LaunchScreen.storyboard */,
				98F283292A350E6C0008A526 /* Info.plist */,
			);
			path = SupportingFiles;
			sourceTree = "<group>";
		};
		985871532A442F3C00066B2E /* Screens */ = {
			isa = PBXGroup;
			children = (
				98F2831F2A350E650008A526 /* ViewController.swift */,
				987D4E672A4ABD1800E9507D /* TodoItem */,
				98F94A242A4DBC1200B72704 /* TodoList */,
			);
			path = Screens;
			sourceTree = "<group>";
		};
		985871592A444D7500066B2E /* Resources */ = {
			isa = PBXGroup;
			children = (
				9858715A2A444D9800066B2E /* Constants.swift */,
			);
			path = Resources;
			sourceTree = "<group>";
		};
		987D4E672A4ABD1800E9507D /* TodoItem */ = {
			isa = PBXGroup;
			children = (
				98F94A182A4C85D000B72704 /* TodoItem.ViewModel.swift */,
				987D4E6A2A4B01F400E9507D /* TodoItem.ViewController.swift */,
				98F94A1A2A4CE6DD00B72704 /* Views */,
			);
			path = TodoItem;
			sourceTree = "<group>";
		};
		98CE2A1D2A3C83E700554B7A /* Extentions */ = {
			isa = PBXGroup;
			children = (
				98CE2A1E2A3C83F900554B7A /* DateExt.swift */,
				98CE2A202A3C9A8900554B7A /* StringExt.swift */,
				9858715C2A44557700066B2E /* NSLayoutConstraint.swift */,
				98F94A322A4F39EA00B72704 /* UIView.Ext.swift */,
			);
			path = Extentions;
			sourceTree = "<group>";
		};
		98F2830F2A350E640008A526 = {
			isa = PBXGroup;
			children = (
				98F2831A2A350E650008A526 /* TaskMasterio */,
				98F283312A350E6C0008A526 /* TaskMasterioTests */,
				98F2833B2A350E6C0008A526 /* TaskMasterioUITests */,
				98F283192A350E650008A526 /* Products */,
			);
			sourceTree = "<group>";
		};
		98F283192A350E650008A526 /* Products */ = {
			isa = PBXGroup;
			children = (
				98F283182A350E650008A526 /* TaskMasterio.app */,
				98F2832E2A350E6C0008A526 /* TaskMasterioTests.xctest */,
				98F283382A350E6C0008A526 /* TaskMasterioUITests.xctest */,
			);
			name = Products;
			sourceTree = "<group>";
		};
		98F2831A2A350E650008A526 /* TaskMasterio */ = {
			isa = PBXGroup;
			children = (
				98F94A202A4DA82200B72704 /* Temp */,
				98F94A132A4C57B800B72704 /* Structs */,
				985871592A444D7500066B2E /* Resources */,
				985871502A439C1100066B2E /* Application */,
				985871532A442F3C00066B2E /* Screens */,
				9858714D2A4330DA00066B2E /* Cache */,
				98CE2A1D2A3C83E700554B7A /* Extentions */,
				98F283532A3B7C040008A526 /* Protocols */,
				98F2834B2A359C580008A526 /* Models */,
				985871512A439C3600066B2E /* SupportingFiles */,
			);
			path = TaskMasterio;
			sourceTree = "<group>";
		};
		98F283312A350E6C0008A526 /* TaskMasterioTests */ = {
			isa = PBXGroup;
			children = (
				98F2834E2A35AA610008A526 /* TodoItemTests.swift */,
				98F283572A3B82B90008A526 /* FileCacheTests.swift */,
				98F283592A3B862E0008A526 /* TestsData.swift */,
				98BE0E822A3CE3DC00EE3B7C /* TodoItem_JsonTests.swift */,
				985871492A3D4CB200066B2E /* TodoItem_CsvTests.swift */,
			);
			path = TaskMasterioTests;
			sourceTree = "<group>";
		};
		98F2833B2A350E6C0008A526 /* TaskMasterioUITests */ = {
			isa = PBXGroup;
			children = (
				98F2833C2A350E6C0008A526 /* TaskMasterioUITests.swift */,
				98F2833E2A350E6C0008A526 /* TaskMasterioUITestsLaunchTests.swift */,
			);
			path = TaskMasterioUITests;
			sourceTree = "<group>";
		};
		98F2834B2A359C580008A526 /* Models */ = {
			isa = PBXGroup;
			children = (
				98F2834C2A359C7C0008A526 /* TodoItem.swift */,
				98BE0E802A3CD65300EE3B7C /* TodoItem.JsonParser.swift */,
				985871472A3D499D00066B2E /* TodoItem.CsvParser.swift */,
			);
			path = Models;
			sourceTree = "<group>";
		};
		98F283532A3B7C040008A526 /* Protocols */ = {
			isa = PBXGroup;
			children = (
				98CE2A1B2A3C7FB800554B7A /* CsvParser.swift */,
				98BE0E7E2A3CD61B00EE3B7C /* JsonParser.swift */,
			);
			path = Protocols;
			sourceTree = "<group>";
		};
		98F94A132A4C57B800B72704 /* Structs */ = {
			isa = PBXGroup;
			children = (
			);
			path = Structs;
			sourceTree = "<group>";
		};
		98F94A1A2A4CE6DD00B72704 /* Views */ = {
			isa = PBXGroup;
			children = (
				987D4E682A4ABE2F00E9507D /* TodoItem.ScrollView.swift */,
				987D4E6E2A4B534500E9507D /* TodoItem.DescriptionView.swift */,
				987D4E6C2A4B471300E9507D /* TodoItem.DetailsStackView.swift */,
				98F94A0F2A4C10BF00B72704 /* TodoItem.PriorityStackView.swift */,
				98F94A112A4C38F400B72704 /* TodoItem.DeadlineStackView.swift */,
				98F94A1B2A4D228800B72704 /* TodoItem.DeadlineDatePickerView.swift */,
				98F94A1D2A4D820C00B72704 /* TodoItem.RemoveButton.swift */,
			);
			path = Views;
			sourceTree = "<group>";
		};
		98F94A202A4DA82200B72704 /* Temp */ = {
			isa = PBXGroup;
			children = (
				985871572A443A5700066B2E /* TodoItemViewController.swift */,
				983AD75B2A462EC2008EA93A /* TodoItemViewController.ViewBuilder.swift */,
			);
			path = Temp;
			sourceTree = "<group>";
		};
		98F94A242A4DBC1200B72704 /* TodoList */ = {
			isa = PBXGroup;
			children = (
				98F94A272A4DBE3200B72704 /* TodoList.ViewModel.swift */,
				98F94A252A4DBC5700B72704 /* TodoList.ViewController.swift */,
				98F94A2F2A4EC85500B72704 /* TodoList.TableDataSource.swift */,
				98F94A312A4EF40D00B72704 /* Views */,
			);
			path = TodoList;
			sourceTree = "<group>";
		};
		98F94A312A4EF40D00B72704 /* Views */ = {
			isa = PBXGroup;
			children = (
				98F94A2B2A4DF12100B72704 /* TodoList.TableView.swift */,
				98F94A2D2A4EAC4400B72704 /* TodoList.TableViewHeader.swift */,
				98F94A292A4DE24F00B72704 /* TodoList.TableViewCell.swift */,
				98F94A342A4FBF3200B72704 /* TodoList.TableViewCell.Last.swift */,
			);
			path = Views;
			sourceTree = "<group>";
		};
/* End PBXGroup section */

/* Begin PBXNativeTarget section */
		98F283172A350E640008A526 /* TaskMasterio */ = {
			isa = PBXNativeTarget;
			buildConfigurationList = 98F283422A350E6C0008A526 /* Build configuration list for PBXNativeTarget "TaskMasterio" */;
			buildPhases = (
				98F283142A350E640008A526 /* Sources */,
				98F283152A350E640008A526 /* Frameworks */,
				98F283162A350E640008A526 /* Resources */,
			);
			buildRules = (
			);
			dependencies = (
			);
			name = TaskMasterio;
			productName = TaskMasterio;
			productReference = 98F283182A350E650008A526 /* TaskMasterio.app */;
			productType = "com.apple.product-type.application";
		};
		98F2832D2A350E6C0008A526 /* TaskMasterioTests */ = {
			isa = PBXNativeTarget;
			buildConfigurationList = 98F283452A350E6C0008A526 /* Build configuration list for PBXNativeTarget "TaskMasterioTests" */;
			buildPhases = (
				98F2832A2A350E6C0008A526 /* Sources */,
				98F2832B2A350E6C0008A526 /* Frameworks */,
				98F2832C2A350E6C0008A526 /* Resources */,
			);
			buildRules = (
			);
			dependencies = (
				98F283302A350E6C0008A526 /* PBXTargetDependency */,
			);
			name = TaskMasterioTests;
			productName = TaskMasterioTests;
			productReference = 98F2832E2A350E6C0008A526 /* TaskMasterioTests.xctest */;
			productType = "com.apple.product-type.bundle.unit-test";
		};
		98F283372A350E6C0008A526 /* TaskMasterioUITests */ = {
			isa = PBXNativeTarget;
			buildConfigurationList = 98F283482A350E6C0008A526 /* Build configuration list for PBXNativeTarget "TaskMasterioUITests" */;
			buildPhases = (
				98F283342A350E6C0008A526 /* Sources */,
				98F283352A350E6C0008A526 /* Frameworks */,
				98F283362A350E6C0008A526 /* Resources */,
			);
			buildRules = (
			);
			dependencies = (
				98F2833A2A350E6C0008A526 /* PBXTargetDependency */,
			);
			name = TaskMasterioUITests;
			productName = TaskMasterioUITests;
			productReference = 98F283382A350E6C0008A526 /* TaskMasterioUITests.xctest */;
			productType = "com.apple.product-type.bundle.ui-testing";
		};
/* End PBXNativeTarget section */

/* Begin PBXProject section */
		98F283102A350E640008A526 /* Project object */ = {
			isa = PBXProject;
			attributes = {
				BuildIndependentTargetsInParallel = 1;
				LastSwiftUpdateCheck = 1420;
				LastUpgradeCheck = 1420;
				TargetAttributes = {
					98F283172A350E640008A526 = {
						CreatedOnToolsVersion = 14.2;
					};
					98F2832D2A350E6C0008A526 = {
						CreatedOnToolsVersion = 14.2;
						TestTargetID = 98F283172A350E640008A526;
					};
					98F283372A350E6C0008A526 = {
						CreatedOnToolsVersion = 14.2;
						TestTargetID = 98F283172A350E640008A526;
					};
				};
			};
			buildConfigurationList = 98F283132A350E640008A526 /* Build configuration list for PBXProject "TaskMasterio" */;
			compatibilityVersion = "Xcode 14.0";
			developmentRegion = en;
			hasScannedForEncodings = 0;
			knownRegions = (
				en,
				Base,
			);
			mainGroup = 98F2830F2A350E640008A526;
			productRefGroup = 98F283192A350E650008A526 /* Products */;
			projectDirPath = "";
			projectRoot = "";
			targets = (
				98F283172A350E640008A526 /* TaskMasterio */,
				98F2832D2A350E6C0008A526 /* TaskMasterioTests */,
				98F283372A350E6C0008A526 /* TaskMasterioUITests */,
			);
		};
/* End PBXProject section */

/* Begin PBXResourcesBuildPhase section */
		98F283162A350E640008A526 /* Resources */ = {
			isa = PBXResourcesBuildPhase;
			buildActionMask = 2147483647;
			files = (
				98F283282A350E6C0008A526 /* LaunchScreen.storyboard in Resources */,
				98F283252A350E6C0008A526 /* Assets.xcassets in Resources */,
			);
			runOnlyForDeploymentPostprocessing = 0;
		};
		98F2832C2A350E6C0008A526 /* Resources */ = {
			isa = PBXResourcesBuildPhase;
			buildActionMask = 2147483647;
			files = (
			);
			runOnlyForDeploymentPostprocessing = 0;
		};
		98F283362A350E6C0008A526 /* Resources */ = {
			isa = PBXResourcesBuildPhase;
			buildActionMask = 2147483647;
			files = (
			);
			runOnlyForDeploymentPostprocessing = 0;
		};
/* End PBXResourcesBuildPhase section */

/* Begin PBXSourcesBuildPhase section */
		98F283142A350E640008A526 /* Sources */ = {
			isa = PBXSourcesBuildPhase;
			buildActionMask = 2147483647;
			files = (
				98F94A2C2A4DF12100B72704 /* TodoList.TableView.swift in Sources */,
				987D4E6B2A4B01F400E9507D /* TodoItem.ViewController.swift in Sources */,
				985871482A3D499D00066B2E /* TodoItem.CsvParser.swift in Sources */,
				98F283202A350E650008A526 /* ViewController.swift in Sources */,
				98F2831C2A350E650008A526 /* AppDelegate.swift in Sources */,
				98F94A102A4C10BF00B72704 /* TodoItem.PriorityStackView.swift in Sources */,
				9858714F2A43311F00066B2E /* FileCache.Errors.swift in Sources */,
				987D4E6F2A4B534500E9507D /* TodoItem.DescriptionView.swift in Sources */,
				98F283562A3B7E060008A526 /* DataCashe.swift in Sources */,
				987D4E692A4ABE2F00E9507D /* TodoItem.ScrollView.swift in Sources */,
				9858715B2A444D9800066B2E /* Constants.swift in Sources */,
				98F2834D2A359C7C0008A526 /* TodoItem.swift in Sources */,
				98F94A302A4EC85500B72704 /* TodoList.TableDataSource.swift in Sources */,
				98F94A282A4DBE3200B72704 /* TodoList.ViewModel.swift in Sources */,
				98F94A122A4C38F400B72704 /* TodoItem.DeadlineStackView.swift in Sources */,
				987D4E6D2A4B471300E9507D /* TodoItem.DetailsStackView.swift in Sources */,
				9858715D2A44557700066B2E /* NSLayoutConstraint.swift in Sources */,
				98F94A2E2A4EAC4500B72704 /* TodoList.TableViewHeader.swift in Sources */,
				98CE2A212A3C9A8900554B7A /* StringExt.swift in Sources */,
				98CE2A1C2A3C7FB800554B7A /* CsvParser.swift in Sources */,
				98BE0E7F2A3CD61B00EE3B7C /* JsonParser.swift in Sources */,
				98F283522A3B77BF0008A526 /* FileCache.swift in Sources */,
				98F94A1E2A4D820C00B72704 /* TodoItem.RemoveButton.swift in Sources */,
				98F94A2A2A4DE25000B72704 /* TodoList.TableViewCell.swift in Sources */,
				98F94A192A4C85D000B72704 /* TodoItem.ViewModel.swift in Sources */,
				98F94A262A4DBC5700B72704 /* TodoList.ViewController.swift in Sources */,
				98F94A1C2A4D228800B72704 /* TodoItem.DeadlineDatePickerView.swift in Sources */,
				98F2831E2A350E650008A526 /* SceneDelegate.swift in Sources */,
				985871582A443A5700066B2E /* TodoItemViewController.swift in Sources */,
				98BE0E812A3CD65300EE3B7C /* TodoItem.JsonParser.swift in Sources */,
				983AD75C2A462EC2008EA93A /* TodoItemViewController.ViewBuilder.swift in Sources */,
				98F94A332A4F39EA00B72704 /* UIView.Ext.swift in Sources */,
				98CE2A1F2A3C83F900554B7A /* DateExt.swift in Sources */,
				98F94A352A4FBF3300B72704 /* TodoList.TableViewCell.Last.swift in Sources */,
			);
			runOnlyForDeploymentPostprocessing = 0;
		};
		98F2832A2A350E6C0008A526 /* Sources */ = {
			isa = PBXSourcesBuildPhase;
			buildActionMask = 2147483647;
			files = (
				98F2834F2A35AA610008A526 /* TodoItemTests.swift in Sources */,
				98BE0E832A3CE3DC00EE3B7C /* TodoItem_JsonTests.swift in Sources */,
				9858714A2A3D4CB200066B2E /* TodoItem_CsvTests.swift in Sources */,
				98F283582A3B82B90008A526 /* FileCacheTests.swift in Sources */,
				98F2835A2A3B862E0008A526 /* TestsData.swift in Sources */,
			);
			runOnlyForDeploymentPostprocessing = 0;
		};
		98F283342A350E6C0008A526 /* Sources */ = {
			isa = PBXSourcesBuildPhase;
			buildActionMask = 2147483647;
			files = (
				98F2833D2A350E6C0008A526 /* TaskMasterioUITests.swift in Sources */,
				98F2833F2A350E6C0008A526 /* TaskMasterioUITestsLaunchTests.swift in Sources */,
			);
			runOnlyForDeploymentPostprocessing = 0;
		};
/* End PBXSourcesBuildPhase section */

/* Begin PBXTargetDependency section */
		98F283302A350E6C0008A526 /* PBXTargetDependency */ = {
			isa = PBXTargetDependency;
			target = 98F283172A350E640008A526 /* TaskMasterio */;
			targetProxy = 98F2832F2A350E6C0008A526 /* PBXContainerItemProxy */;
		};
		98F2833A2A350E6C0008A526 /* PBXTargetDependency */ = {
			isa = PBXTargetDependency;
			target = 98F283172A350E640008A526 /* TaskMasterio */;
			targetProxy = 98F283392A350E6C0008A526 /* PBXContainerItemProxy */;
		};
/* End PBXTargetDependency section */

/* Begin PBXVariantGroup section */
		98F283262A350E6C0008A526 /* LaunchScreen.storyboard */ = {
			isa = PBXVariantGroup;
			children = (
				98F283272A350E6C0008A526 /* Base */,
			);
			name = LaunchScreen.storyboard;
			sourceTree = "<group>";
		};
/* End PBXVariantGroup section */

/* Begin XCBuildConfiguration section */
		98F283402A350E6C0008A526 /* Debug */ = {
			isa = XCBuildConfiguration;
			buildSettings = {
				ALWAYS_SEARCH_USER_PATHS = NO;
				CLANG_ANALYZER_NONNULL = YES;
				CLANG_ANALYZER_NUMBER_OBJECT_CONVERSION = YES_AGGRESSIVE;
				CLANG_CXX_LANGUAGE_STANDARD = "gnu++20";
				CLANG_ENABLE_MODULES = YES;
				CLANG_ENABLE_OBJC_ARC = YES;
				CLANG_ENABLE_OBJC_WEAK = YES;
				CLANG_WARN_BLOCK_CAPTURE_AUTORELEASING = YES;
				CLANG_WARN_BOOL_CONVERSION = YES;
				CLANG_WARN_COMMA = YES;
				CLANG_WARN_CONSTANT_CONVERSION = YES;
				CLANG_WARN_DEPRECATED_OBJC_IMPLEMENTATIONS = YES;
				CLANG_WARN_DIRECT_OBJC_ISA_USAGE = YES_ERROR;
				CLANG_WARN_DOCUMENTATION_COMMENTS = YES;
				CLANG_WARN_EMPTY_BODY = YES;
				CLANG_WARN_ENUM_CONVERSION = YES;
				CLANG_WARN_INFINITE_RECURSION = YES;
				CLANG_WARN_INT_CONVERSION = YES;
				CLANG_WARN_NON_LITERAL_NULL_CONVERSION = YES;
				CLANG_WARN_OBJC_IMPLICIT_RETAIN_SELF = YES;
				CLANG_WARN_OBJC_LITERAL_CONVERSION = YES;
				CLANG_WARN_OBJC_ROOT_CLASS = YES_ERROR;
				CLANG_WARN_QUOTED_INCLUDE_IN_FRAMEWORK_HEADER = YES;
				CLANG_WARN_RANGE_LOOP_ANALYSIS = YES;
				CLANG_WARN_STRICT_PROTOTYPES = YES;
				CLANG_WARN_SUSPICIOUS_MOVE = YES;
				CLANG_WARN_UNGUARDED_AVAILABILITY = YES_AGGRESSIVE;
				CLANG_WARN_UNREACHABLE_CODE = YES;
				CLANG_WARN__DUPLICATE_METHOD_MATCH = YES;
				COPY_PHASE_STRIP = NO;
				DEBUG_INFORMATION_FORMAT = dwarf;
				ENABLE_STRICT_OBJC_MSGSEND = YES;
				ENABLE_TESTABILITY = YES;
				GCC_C_LANGUAGE_STANDARD = gnu11;
				GCC_DYNAMIC_NO_PIC = NO;
				GCC_NO_COMMON_BLOCKS = YES;
				GCC_OPTIMIZATION_LEVEL = 0;
				GCC_PREPROCESSOR_DEFINITIONS = (
					"DEBUG=1",
					"$(inherited)",
				);
				GCC_WARN_64_TO_32_BIT_CONVERSION = YES;
				GCC_WARN_ABOUT_RETURN_TYPE = YES_ERROR;
				GCC_WARN_UNDECLARED_SELECTOR = YES;
				GCC_WARN_UNINITIALIZED_AUTOS = YES_AGGRESSIVE;
				GCC_WARN_UNUSED_FUNCTION = YES;
				GCC_WARN_UNUSED_VARIABLE = YES;
				IPHONEOS_DEPLOYMENT_TARGET = 15.0;
				MTL_ENABLE_DEBUG_INFO = INCLUDE_SOURCE;
				MTL_FAST_MATH = YES;
				ONLY_ACTIVE_ARCH = YES;
				SDKROOT = iphoneos;
				SWIFT_ACTIVE_COMPILATION_CONDITIONS = DEBUG;
				SWIFT_OPTIMIZATION_LEVEL = "-Onone";
			};
			name = Debug;
		};
		98F283412A350E6C0008A526 /* Release */ = {
			isa = XCBuildConfiguration;
			buildSettings = {
				ALWAYS_SEARCH_USER_PATHS = NO;
				CLANG_ANALYZER_NONNULL = YES;
				CLANG_ANALYZER_NUMBER_OBJECT_CONVERSION = YES_AGGRESSIVE;
				CLANG_CXX_LANGUAGE_STANDARD = "gnu++20";
				CLANG_ENABLE_MODULES = YES;
				CLANG_ENABLE_OBJC_ARC = YES;
				CLANG_ENABLE_OBJC_WEAK = YES;
				CLANG_WARN_BLOCK_CAPTURE_AUTORELEASING = YES;
				CLANG_WARN_BOOL_CONVERSION = YES;
				CLANG_WARN_COMMA = YES;
				CLANG_WARN_CONSTANT_CONVERSION = YES;
				CLANG_WARN_DEPRECATED_OBJC_IMPLEMENTATIONS = YES;
				CLANG_WARN_DIRECT_OBJC_ISA_USAGE = YES_ERROR;
				CLANG_WARN_DOCUMENTATION_COMMENTS = YES;
				CLANG_WARN_EMPTY_BODY = YES;
				CLANG_WARN_ENUM_CONVERSION = YES;
				CLANG_WARN_INFINITE_RECURSION = YES;
				CLANG_WARN_INT_CONVERSION = YES;
				CLANG_WARN_NON_LITERAL_NULL_CONVERSION = YES;
				CLANG_WARN_OBJC_IMPLICIT_RETAIN_SELF = YES;
				CLANG_WARN_OBJC_LITERAL_CONVERSION = YES;
				CLANG_WARN_OBJC_ROOT_CLASS = YES_ERROR;
				CLANG_WARN_QUOTED_INCLUDE_IN_FRAMEWORK_HEADER = YES;
				CLANG_WARN_RANGE_LOOP_ANALYSIS = YES;
				CLANG_WARN_STRICT_PROTOTYPES = YES;
				CLANG_WARN_SUSPICIOUS_MOVE = YES;
				CLANG_WARN_UNGUARDED_AVAILABILITY = YES_AGGRESSIVE;
				CLANG_WARN_UNREACHABLE_CODE = YES;
				CLANG_WARN__DUPLICATE_METHOD_MATCH = YES;
				COPY_PHASE_STRIP = NO;
				DEBUG_INFORMATION_FORMAT = "dwarf-with-dsym";
				ENABLE_NS_ASSERTIONS = NO;
				ENABLE_STRICT_OBJC_MSGSEND = YES;
				GCC_C_LANGUAGE_STANDARD = gnu11;
				GCC_NO_COMMON_BLOCKS = YES;
				GCC_WARN_64_TO_32_BIT_CONVERSION = YES;
				GCC_WARN_ABOUT_RETURN_TYPE = YES_ERROR;
				GCC_WARN_UNDECLARED_SELECTOR = YES;
				GCC_WARN_UNINITIALIZED_AUTOS = YES_AGGRESSIVE;
				GCC_WARN_UNUSED_FUNCTION = YES;
				GCC_WARN_UNUSED_VARIABLE = YES;
				IPHONEOS_DEPLOYMENT_TARGET = 15.0;
				MTL_ENABLE_DEBUG_INFO = NO;
				MTL_FAST_MATH = YES;
				SDKROOT = iphoneos;
				SWIFT_COMPILATION_MODE = wholemodule;
				SWIFT_OPTIMIZATION_LEVEL = "-O";
				VALIDATE_PRODUCT = YES;
			};
			name = Release;
		};
		98F283432A350E6C0008A526 /* Debug */ = {
			isa = XCBuildConfiguration;
			buildSettings = {
				ASSETCATALOG_COMPILER_APPICON_NAME = AppIcon;
				ASSETCATALOG_COMPILER_GLOBAL_ACCENT_COLOR_NAME = AccentColor;
				CODE_SIGN_STYLE = Automatic;
				CURRENT_PROJECT_VERSION = 1;
				DEVELOPMENT_TEAM = 8FA6F58X42;
				GENERATE_INFOPLIST_FILE = YES;
				INFOPLIST_FILE = TaskMasterio/SupportingFiles/Info.plist;
				INFOPLIST_KEY_UIApplicationSupportsIndirectInputEvents = YES;
				INFOPLIST_KEY_UILaunchStoryboardName = LaunchScreen;
				INFOPLIST_KEY_UISupportedInterfaceOrientations = "UIInterfaceOrientationLandscapeLeft UIInterfaceOrientationLandscapeRight UIInterfaceOrientationPortrait";
				INFOPLIST_KEY_UISupportedInterfaceOrientations_iPad = "UIInterfaceOrientationLandscapeLeft UIInterfaceOrientationLandscapeRight UIInterfaceOrientationPortrait UIInterfaceOrientationPortraitUpsideDown";
				IPHONEOS_DEPLOYMENT_TARGET = 15.0;
				LD_RUNPATH_SEARCH_PATHS = (
					"$(inherited)",
					"@executable_path/Frameworks",
				);
				MARKETING_VERSION = 1.0;
				PRODUCT_BUNDLE_IDENTIFIER = TaskMasterio;
				PRODUCT_NAME = "$(TARGET_NAME)";
				SUPPORTED_PLATFORMS = "iphoneos iphonesimulator";
				SUPPORTS_MACCATALYST = NO;
				SUPPORTS_MAC_DESIGNED_FOR_IPHONE_IPAD = YES;
				SWIFT_EMIT_LOC_STRINGS = YES;
				SWIFT_VERSION = 5.0;
				TARGETED_DEVICE_FAMILY = 1;
			};
			name = Debug;
		};
		98F283442A350E6C0008A526 /* Release */ = {
			isa = XCBuildConfiguration;
			buildSettings = {
				ASSETCATALOG_COMPILER_APPICON_NAME = AppIcon;
				ASSETCATALOG_COMPILER_GLOBAL_ACCENT_COLOR_NAME = AccentColor;
				CODE_SIGN_STYLE = Automatic;
				CURRENT_PROJECT_VERSION = 1;
				DEVELOPMENT_TEAM = 8FA6F58X42;
				GENERATE_INFOPLIST_FILE = YES;
				INFOPLIST_FILE = TaskMasterio/SupportingFiles/Info.plist;
				INFOPLIST_KEY_UIApplicationSupportsIndirectInputEvents = YES;
				INFOPLIST_KEY_UILaunchStoryboardName = LaunchScreen;
				INFOPLIST_KEY_UISupportedInterfaceOrientations = "UIInterfaceOrientationLandscapeLeft UIInterfaceOrientationLandscapeRight UIInterfaceOrientationPortrait";
				INFOPLIST_KEY_UISupportedInterfaceOrientations_iPad = "UIInterfaceOrientationLandscapeLeft UIInterfaceOrientationLandscapeRight UIInterfaceOrientationPortrait UIInterfaceOrientationPortraitUpsideDown";
				IPHONEOS_DEPLOYMENT_TARGET = 15.0;
				LD_RUNPATH_SEARCH_PATHS = (
					"$(inherited)",
					"@executable_path/Frameworks",
				);
				MARKETING_VERSION = 1.0;
				PRODUCT_BUNDLE_IDENTIFIER = TaskMasterio;
				PRODUCT_NAME = "$(TARGET_NAME)";
				SUPPORTED_PLATFORMS = "iphoneos iphonesimulator";
				SUPPORTS_MACCATALYST = NO;
				SUPPORTS_MAC_DESIGNED_FOR_IPHONE_IPAD = YES;
				SWIFT_EMIT_LOC_STRINGS = YES;
				SWIFT_VERSION = 5.0;
				TARGETED_DEVICE_FAMILY = 1;
			};
			name = Release;
		};
		98F283462A350E6C0008A526 /* Debug */ = {
			isa = XCBuildConfiguration;
			buildSettings = {
				ALWAYS_EMBED_SWIFT_STANDARD_LIBRARIES = YES;
				BUNDLE_LOADER = "$(TEST_HOST)";
				CODE_SIGN_STYLE = Automatic;
				CURRENT_PROJECT_VERSION = 1;
				DEVELOPMENT_TEAM = 8FA6F58X42;
				GENERATE_INFOPLIST_FILE = YES;
				IPHONEOS_DEPLOYMENT_TARGET = 16.2;
				MARKETING_VERSION = 1.0;
				PRODUCT_BUNDLE_IDENTIFIER = "ru.yandex-team.koteika19.TaskMasterioTests";
				PRODUCT_NAME = "$(TARGET_NAME)";
				SWIFT_EMIT_LOC_STRINGS = NO;
				SWIFT_VERSION = 5.0;
				TARGETED_DEVICE_FAMILY = "1,2";
				TEST_HOST = "$(BUILT_PRODUCTS_DIR)/TaskMasterio.app/$(BUNDLE_EXECUTABLE_FOLDER_PATH)/TaskMasterio";
			};
			name = Debug;
		};
		98F283472A350E6C0008A526 /* Release */ = {
			isa = XCBuildConfiguration;
			buildSettings = {
				ALWAYS_EMBED_SWIFT_STANDARD_LIBRARIES = YES;
				BUNDLE_LOADER = "$(TEST_HOST)";
				CODE_SIGN_STYLE = Automatic;
				CURRENT_PROJECT_VERSION = 1;
				DEVELOPMENT_TEAM = 8FA6F58X42;
				GENERATE_INFOPLIST_FILE = YES;
				IPHONEOS_DEPLOYMENT_TARGET = 16.2;
				MARKETING_VERSION = 1.0;
				PRODUCT_BUNDLE_IDENTIFIER = "ru.yandex-team.koteika19.TaskMasterioTests";
				PRODUCT_NAME = "$(TARGET_NAME)";
				SWIFT_EMIT_LOC_STRINGS = NO;
				SWIFT_VERSION = 5.0;
				TARGETED_DEVICE_FAMILY = "1,2";
				TEST_HOST = "$(BUILT_PRODUCTS_DIR)/TaskMasterio.app/$(BUNDLE_EXECUTABLE_FOLDER_PATH)/TaskMasterio";
			};
			name = Release;
		};
		98F283492A350E6C0008A526 /* Debug */ = {
			isa = XCBuildConfiguration;
			buildSettings = {
				ALWAYS_EMBED_SWIFT_STANDARD_LIBRARIES = YES;
				CODE_SIGN_STYLE = Automatic;
				CURRENT_PROJECT_VERSION = 1;
				DEVELOPMENT_TEAM = 8FA6F58X42;
				GENERATE_INFOPLIST_FILE = YES;
				MARKETING_VERSION = 1.0;
				PRODUCT_BUNDLE_IDENTIFIER = "ru.yandex-team.koteika19.TaskMasterioUITests";
				PRODUCT_NAME = "$(TARGET_NAME)";
				SWIFT_EMIT_LOC_STRINGS = NO;
				SWIFT_VERSION = 5.0;
				TARGETED_DEVICE_FAMILY = "1,2";
				TEST_TARGET_NAME = TaskMasterio;
			};
			name = Debug;
		};
		98F2834A2A350E6C0008A526 /* Release */ = {
			isa = XCBuildConfiguration;
			buildSettings = {
				ALWAYS_EMBED_SWIFT_STANDARD_LIBRARIES = YES;
				CODE_SIGN_STYLE = Automatic;
				CURRENT_PROJECT_VERSION = 1;
				DEVELOPMENT_TEAM = 8FA6F58X42;
				GENERATE_INFOPLIST_FILE = YES;
				MARKETING_VERSION = 1.0;
				PRODUCT_BUNDLE_IDENTIFIER = "ru.yandex-team.koteika19.TaskMasterioUITests";
				PRODUCT_NAME = "$(TARGET_NAME)";
				SWIFT_EMIT_LOC_STRINGS = NO;
				SWIFT_VERSION = 5.0;
				TARGETED_DEVICE_FAMILY = "1,2";
				TEST_TARGET_NAME = TaskMasterio;
			};
			name = Release;
		};
/* End XCBuildConfiguration section */

/* Begin XCConfigurationList section */
		98F283132A350E640008A526 /* Build configuration list for PBXProject "TaskMasterio" */ = {
			isa = XCConfigurationList;
			buildConfigurations = (
				98F283402A350E6C0008A526 /* Debug */,
				98F283412A350E6C0008A526 /* Release */,
			);
			defaultConfigurationIsVisible = 0;
			defaultConfigurationName = Release;
		};
		98F283422A350E6C0008A526 /* Build configuration list for PBXNativeTarget "TaskMasterio" */ = {
			isa = XCConfigurationList;
			buildConfigurations = (
				98F283432A350E6C0008A526 /* Debug */,
				98F283442A350E6C0008A526 /* Release */,
			);
			defaultConfigurationIsVisible = 0;
			defaultConfigurationName = Release;
		};
		98F283452A350E6C0008A526 /* Build configuration list for PBXNativeTarget "TaskMasterioTests" */ = {
			isa = XCConfigurationList;
			buildConfigurations = (
				98F283462A350E6C0008A526 /* Debug */,
				98F283472A350E6C0008A526 /* Release */,
			);
			defaultConfigurationIsVisible = 0;
			defaultConfigurationName = Release;
		};
		98F283482A350E6C0008A526 /* Build configuration list for PBXNativeTarget "TaskMasterioUITests" */ = {
			isa = XCConfigurationList;
			buildConfigurations = (
				98F283492A350E6C0008A526 /* Debug */,
				98F2834A2A350E6C0008A526 /* Release */,
			);
			defaultConfigurationIsVisible = 0;
			defaultConfigurationName = Release;
		};
/* End XCConfigurationList section */
	};
	rootObject = 98F283102A350E640008A526 /* Project object */;
}
